// !$*UTF8*$!
{
	archiveVersion = 1;
	classes = {
	};
	objectVersion = 50;
	objects = {

/* Begin PBXBuildFile section */
		CF51F1992545C4BE00E6FA01 /* GFError.swift in Sources */ = {isa = PBXBuildFile; fileRef = CF51F1982545C4BE00E6FA01 /* GFError.swift */; };
		CF51F19F2545C91000E6FA01 /* GFSecondaryTitleLabel.swift in Sources */ = {isa = PBXBuildFile; fileRef = CF51F19E2545C91000E6FA01 /* GFSecondaryTitleLabel.swift */; };
		CF51F1A42545CAF700E6FA01 /* GFUserInfoHeaderVC.swift in Sources */ = {isa = PBXBuildFile; fileRef = CF51F1A32545CAF700E6FA01 /* GFUserInfoHeaderVC.swift */; };
		CF51F1A72545E47900E6FA01 /* Constants.swift in Sources */ = {isa = PBXBuildFile; fileRef = CF51F1A62545E47900E6FA01 /* Constants.swift */; };
		CF51F1AA2545F25B00E6FA01 /* GFItemInfoView.swift in Sources */ = {isa = PBXBuildFile; fileRef = CF51F1A92545F25B00E6FA01 /* GFItemInfoView.swift */; };
		CF51F1AD2545F78700E6FA01 /* GFItemInfoVC.swift in Sources */ = {isa = PBXBuildFile; fileRef = CF51F1AC2545F78700E6FA01 /* GFItemInfoVC.swift */; };
		CF53D0722541F10100AB0600 /* UserInfoVC.swift in Sources */ = {isa = PBXBuildFile; fileRef = CF53D0712541F10100AB0600 /* UserInfoVC.swift */; };
		CF6888B8253EF81F00E18D8B /* NetworkManager.swift in Sources */ = {isa = PBXBuildFile; fileRef = CF6888B7253EF81F00E18D8B /* NetworkManager.swift */; };
		CF6888C3253F394300E18D8B /* FollowerCell.swift in Sources */ = {isa = PBXBuildFile; fileRef = CF6888C2253F394300E18D8B /* FollowerCell.swift */; };
		CF6888C6253F39BD00E18D8B /* GFAvatarImageView.swift in Sources */ = {isa = PBXBuildFile; fileRef = CF6888C5253F39BD00E18D8B /* GFAvatarImageView.swift */; };
		CF7808C62541A67600B83BB7 /* UIHelper.swift in Sources */ = {isa = PBXBuildFile; fileRef = CF7808C52541A67600B83BB7 /* UIHelper.swift */; };
		CF7808CF2541E47F00B83BB7 /* GFEmptyStateView.swift in Sources */ = {isa = PBXBuildFile; fileRef = CF7808CE2541E47F00B83BB7 /* GFEmptyStateView.swift */; };
		CFAACB32253D9820001DD546 /* FollowerListVC.swift in Sources */ = {isa = PBXBuildFile; fileRef = CFAACB31253D9820001DD546 /* FollowerListVC.swift */; };
		CFAACB36253D9F0F001DD546 /* GFTitleLabel.swift in Sources */ = {isa = PBXBuildFile; fileRef = CFAACB35253D9F0F001DD546 /* GFTitleLabel.swift */; };
		CFAACB39253DA31D001DD546 /* GFBodyLabel.swift in Sources */ = {isa = PBXBuildFile; fileRef = CFAACB38253DA31D001DD546 /* GFBodyLabel.swift */; };
		CFAACB3C253DA493001DD546 /* GFAlertVC.swift in Sources */ = {isa = PBXBuildFile; fileRef = CFAACB3B253DA493001DD546 /* GFAlertVC.swift */; };
		CFAACB3F253DB8A4001DD546 /* UIViewController+Ext.swift in Sources */ = {isa = PBXBuildFile; fileRef = CFAACB3E253DB8A4001DD546 /* UIViewController+Ext.swift */; };
		CFAACB48253EF134001DD546 /* Follower.swift in Sources */ = {isa = PBXBuildFile; fileRef = CFAACB47253EF134001DD546 /* Follower.swift */; };
		CFAACB4C253EF391001DD546 /* User.swift in Sources */ = {isa = PBXBuildFile; fileRef = CFAACB4B253EF391001DD546 /* User.swift */; };
		CFB1EDFD253996A8009CD133 /* AppDelegate.swift in Sources */ = {isa = PBXBuildFile; fileRef = CFB1EDFC253996A8009CD133 /* AppDelegate.swift */; };
		CFB1EDFF253996A8009CD133 /* SceneDelegate.swift in Sources */ = {isa = PBXBuildFile; fileRef = CFB1EDFE253996A8009CD133 /* SceneDelegate.swift */; };
		CFB1EE06253996AB009CD133 /* Assets.xcassets in Resources */ = {isa = PBXBuildFile; fileRef = CFB1EE05253996AB009CD133 /* Assets.xcassets */; };
		CFB1EE09253996AB009CD133 /* LaunchScreen.storyboard in Resources */ = {isa = PBXBuildFile; fileRef = CFB1EE07253996AB009CD133 /* LaunchScreen.storyboard */; };
		CFB1EE14253A0246009CD133 /* SearchVC.swift in Sources */ = {isa = PBXBuildFile; fileRef = CFB1EE13253A0246009CD133 /* SearchVC.swift */; };
		CFB1EE18253A02DB009CD133 /* FavoritesListVC.swift in Sources */ = {isa = PBXBuildFile; fileRef = CFB1EE17253A02DB009CD133 /* FavoritesListVC.swift */; };
		CFB1EE1B253A16A8009CD133 /* GFButton.swift in Sources */ = {isa = PBXBuildFile; fileRef = CFB1EE1A253A16A8009CD133 /* GFButton.swift */; };
		CFB1EE1E253A19B1009CD133 /* GFTextField.swift in Sources */ = {isa = PBXBuildFile; fileRef = CFB1EE1D253A19B1009CD133 /* GFTextField.swift */; };
/* End PBXBuildFile section */

/* Begin PBXFileReference section */
		CF51F1982545C4BE00E6FA01 /* GFError.swift */ = {isa = PBXFileReference; lastKnownFileType = sourcecode.swift; path = GFError.swift; sourceTree = "<group>"; };
		CF51F19E2545C91000E6FA01 /* GFSecondaryTitleLabel.swift */ = {isa = PBXFileReference; lastKnownFileType = sourcecode.swift; path = GFSecondaryTitleLabel.swift; sourceTree = "<group>"; };
		CF51F1A32545CAF700E6FA01 /* GFUserInfoHeaderVC.swift */ = {isa = PBXFileReference; lastKnownFileType = sourcecode.swift; path = GFUserInfoHeaderVC.swift; sourceTree = "<group>"; };
		CF51F1A62545E47900E6FA01 /* Constants.swift */ = {isa = PBXFileReference; lastKnownFileType = sourcecode.swift; path = Constants.swift; sourceTree = "<group>"; };
		CF51F1A92545F25B00E6FA01 /* GFItemInfoView.swift */ = {isa = PBXFileReference; lastKnownFileType = sourcecode.swift; path = GFItemInfoView.swift; sourceTree = "<group>"; };
		CF51F1AC2545F78700E6FA01 /* GFItemInfoVC.swift */ = {isa = PBXFileReference; lastKnownFileType = sourcecode.swift; path = GFItemInfoVC.swift; sourceTree = "<group>"; };
		CF53D0712541F10100AB0600 /* UserInfoVC.swift */ = {isa = PBXFileReference; lastKnownFileType = sourcecode.swift; path = UserInfoVC.swift; sourceTree = "<group>"; };
		CF6888B7253EF81F00E18D8B /* NetworkManager.swift */ = {isa = PBXFileReference; lastKnownFileType = sourcecode.swift; path = NetworkManager.swift; sourceTree = "<group>"; };
		CF6888C2253F394300E18D8B /* FollowerCell.swift */ = {isa = PBXFileReference; lastKnownFileType = sourcecode.swift; path = FollowerCell.swift; sourceTree = "<group>"; };
		CF6888C5253F39BD00E18D8B /* GFAvatarImageView.swift */ = {isa = PBXFileReference; lastKnownFileType = sourcecode.swift; path = GFAvatarImageView.swift; sourceTree = "<group>"; };
		CF7808C52541A67600B83BB7 /* UIHelper.swift */ = {isa = PBXFileReference; lastKnownFileType = sourcecode.swift; path = UIHelper.swift; sourceTree = "<group>"; };
		CF7808CE2541E47F00B83BB7 /* GFEmptyStateView.swift */ = {isa = PBXFileReference; lastKnownFileType = sourcecode.swift; path = GFEmptyStateView.swift; sourceTree = "<group>"; };
		CFAACB31253D9820001DD546 /* FollowerListVC.swift */ = {isa = PBXFileReference; lastKnownFileType = sourcecode.swift; path = FollowerListVC.swift; sourceTree = "<group>"; };
		CFAACB35253D9F0F001DD546 /* GFTitleLabel.swift */ = {isa = PBXFileReference; lastKnownFileType = sourcecode.swift; path = GFTitleLabel.swift; sourceTree = "<group>"; };
		CFAACB38253DA31D001DD546 /* GFBodyLabel.swift */ = {isa = PBXFileReference; lastKnownFileType = sourcecode.swift; path = GFBodyLabel.swift; sourceTree = "<group>"; };
		CFAACB3B253DA493001DD546 /* GFAlertVC.swift */ = {isa = PBXFileReference; lastKnownFileType = sourcecode.swift; path = GFAlertVC.swift; sourceTree = "<group>"; };
		CFAACB3E253DB8A4001DD546 /* UIViewController+Ext.swift */ = {isa = PBXFileReference; lastKnownFileType = sourcecode.swift; path = "UIViewController+Ext.swift"; sourceTree = "<group>"; };
		CFAACB47253EF134001DD546 /* Follower.swift */ = {isa = PBXFileReference; lastKnownFileType = sourcecode.swift; path = Follower.swift; sourceTree = "<group>"; };
		CFAACB4B253EF391001DD546 /* User.swift */ = {isa = PBXFileReference; lastKnownFileType = sourcecode.swift; path = User.swift; sourceTree = "<group>"; };
		CFB1EDF9253996A8009CD133 /* GHFollowers.app */ = {isa = PBXFileReference; explicitFileType = wrapper.application; includeInIndex = 0; path = GHFollowers.app; sourceTree = BUILT_PRODUCTS_DIR; };
		CFB1EDFC253996A8009CD133 /* AppDelegate.swift */ = {isa = PBXFileReference; lastKnownFileType = sourcecode.swift; path = AppDelegate.swift; sourceTree = "<group>"; };
		CFB1EDFE253996A8009CD133 /* SceneDelegate.swift */ = {isa = PBXFileReference; lastKnownFileType = sourcecode.swift; path = SceneDelegate.swift; sourceTree = "<group>"; };
		CFB1EE05253996AB009CD133 /* Assets.xcassets */ = {isa = PBXFileReference; lastKnownFileType = folder.assetcatalog; path = Assets.xcassets; sourceTree = "<group>"; };
		CFB1EE08253996AB009CD133 /* Base */ = {isa = PBXFileReference; lastKnownFileType = file.storyboard; name = Base; path = Base.lproj/LaunchScreen.storyboard; sourceTree = "<group>"; };
		CFB1EE0A253996AB009CD133 /* Info.plist */ = {isa = PBXFileReference; lastKnownFileType = text.plist.xml; path = Info.plist; sourceTree = "<group>"; };
		CFB1EE13253A0246009CD133 /* SearchVC.swift */ = {isa = PBXFileReference; lastKnownFileType = sourcecode.swift; path = SearchVC.swift; sourceTree = "<group>"; };
		CFB1EE17253A02DB009CD133 /* FavoritesListVC.swift */ = {isa = PBXFileReference; lastKnownFileType = sourcecode.swift; path = FavoritesListVC.swift; sourceTree = "<group>"; };
		CFB1EE1A253A16A8009CD133 /* GFButton.swift */ = {isa = PBXFileReference; lastKnownFileType = sourcecode.swift; path = GFButton.swift; sourceTree = "<group>"; };
		CFB1EE1D253A19B1009CD133 /* GFTextField.swift */ = {isa = PBXFileReference; lastKnownFileType = sourcecode.swift; path = GFTextField.swift; sourceTree = "<group>"; };
/* End PBXFileReference section */

/* Begin PBXFrameworksBuildPhase section */
		CFB1EDF6253996A8009CD133 /* Frameworks */ = {
			isa = PBXFrameworksBuildPhase;
			buildActionMask = 2147483647;
			files = (
			);
			runOnlyForDeploymentPostprocessing = 0;
		};
/* End PBXFrameworksBuildPhase section */

/* Begin PBXGroup section */
		CF6888B6253EF80900E18D8B /* Managers */ = {
			isa = PBXGroup;
			children = (
				CF6888B7253EF81F00E18D8B /* NetworkManager.swift */,
			);
			path = Managers;
			sourceTree = "<group>";
		};
		CF6888BD253F289200E18D8B /* Utilities */ = {
			isa = PBXGroup;
			children = (
				CF7808C52541A67600B83BB7 /* UIHelper.swift */,
				CF51F1982545C4BE00E6FA01 /* GFError.swift */,
				CF51F1A62545E47900E6FA01 /* Constants.swift */,
			);
			path = Utilities;
			sourceTree = "<group>";
		};
		CF6888C1253F391D00E18D8B /* Cells */ = {
			isa = PBXGroup;
			children = (
				CF6888C2253F394300E18D8B /* FollowerCell.swift */,
			);
			path = Cells;
			sourceTree = "<group>";
		};
		CF7808C82541E3F100B83BB7 /* Views */ = {
			isa = PBXGroup;
			children = (
				CF7808CE2541E47F00B83BB7 /* GFEmptyStateView.swift */,
				CF51F1A92545F25B00E6FA01 /* GFItemInfoView.swift */,
			);
			path = Views;
			sourceTree = "<group>";
		};
		CF7808C92541E3FB00B83BB7 /* Buttons */ = {
			isa = PBXGroup;
			children = (
				CFB1EE1A253A16A8009CD133 /* GFButton.swift */,
			);
			path = Buttons;
			sourceTree = "<group>";
		};
		CF7808CA2541E40500B83BB7 /* TextFields */ = {
			isa = PBXGroup;
			children = (
				CFB1EE1D253A19B1009CD133 /* GFTextField.swift */,
			);
			path = TextFields;
			sourceTree = "<group>";
		};
		CF7808CB2541E41200B83BB7 /* ImageViews */ = {
			isa = PBXGroup;
			children = (
				CF6888C5253F39BD00E18D8B /* GFAvatarImageView.swift */,
			);
			path = ImageViews;
			sourceTree = "<group>";
		};
		CF7808CC2541E41F00B83BB7 /* ViewControllers */ = {
			isa = PBXGroup;
			children = (
				CFAACB3B253DA493001DD546 /* GFAlertVC.swift */,
				CF51F1A32545CAF700E6FA01 /* GFUserInfoHeaderVC.swift */,
				CF51F1AC2545F78700E6FA01 /* GFItemInfoVC.swift */,
			);
			path = ViewControllers;
			sourceTree = "<group>";
		};
		CF7808CD2541E45000B83BB7 /* Labels */ = {
			isa = PBXGroup;
			children = (
				CFAACB35253D9F0F001DD546 /* GFTitleLabel.swift */,
				CFAACB38253DA31D001DD546 /* GFBodyLabel.swift */,
				CF51F19E2545C91000E6FA01 /* GFSecondaryTitleLabel.swift */,
			);
			path = Labels;
			sourceTree = "<group>";
		};
		CFAACB41253DC0A7001DD546 /* Screens */ = {
			isa = PBXGroup;
			children = (
				CFB1EE13253A0246009CD133 /* SearchVC.swift */,
				CFAACB31253D9820001DD546 /* FollowerListVC.swift */,
				CFB1EE17253A02DB009CD133 /* FavoritesListVC.swift */,
				CF53D0712541F10100AB0600 /* UserInfoVC.swift */,
			);
			path = Screens;
			sourceTree = "<group>";
		};
		CFAACB43253DC16D001DD546 /* Custom Views */ = {
			isa = PBXGroup;
			children = (
				CF7808CD2541E45000B83BB7 /* Labels */,
				CF7808CC2541E41F00B83BB7 /* ViewControllers */,
				CF7808CB2541E41200B83BB7 /* ImageViews */,
				CF7808CA2541E40500B83BB7 /* TextFields */,
				CF7808C92541E3FB00B83BB7 /* Buttons */,
				CF7808C82541E3F100B83BB7 /* Views */,
				CF6888C1253F391D00E18D8B /* Cells */,
			);
			path = "Custom Views";
			sourceTree = "<group>";
		};
		CFAACB44253DC1A6001DD546 /* Extensions */ = {
			isa = PBXGroup;
			children = (
				CFAACB3E253DB8A4001DD546 /* UIViewController+Ext.swift */,
			);
			path = Extensions;
			sourceTree = "<group>";
		};
		CFAACB45253DC21F001DD546 /* Support */ = {
			isa = PBXGroup;
			children = (
				CFB1EDFC253996A8009CD133 /* AppDelegate.swift */,
				CFB1EDFE253996A8009CD133 /* SceneDelegate.swift */,
				CFB1EE05253996AB009CD133 /* Assets.xcassets */,
				CFB1EE07253996AB009CD133 /* LaunchScreen.storyboard */,
			);
			path = Support;
			sourceTree = "<group>";
		};
		CFAACB46253EF0D0001DD546 /* Model */ = {
			isa = PBXGroup;
			children = (
				CFAACB47253EF134001DD546 /* Follower.swift */,
				CFAACB4B253EF391001DD546 /* User.swift */,
			);
			path = Model;
			sourceTree = "<group>";
		};
		CFB1EDF0253996A8009CD133 = {
			isa = PBXGroup;
			children = (
				CFB1EDFB253996A8009CD133 /* GHFollowers */,
				CFB1EDFA253996A8009CD133 /* Products */,
			);
			sourceTree = "<group>";
		};
		CFB1EDFA253996A8009CD133 /* Products */ = {
			isa = PBXGroup;
			children = (
				CFB1EDF9253996A8009CD133 /* GHFollowers.app */,
			);
			name = Products;
			sourceTree = "<group>";
		};
		CFB1EDFB253996A8009CD133 /* GHFollowers */ = {
			isa = PBXGroup;
			children = (
				CF6888BD253F289200E18D8B /* Utilities */,
				CF6888B6253EF80900E18D8B /* Managers */,
				CFAACB46253EF0D0001DD546 /* Model */,
				CFAACB44253DC1A6001DD546 /* Extensions */,
				CFAACB43253DC16D001DD546 /* Custom Views */,
				CFAACB41253DC0A7001DD546 /* Screens */,
				CFAACB45253DC21F001DD546 /* Support */,
				CFB1EE0A253996AB009CD133 /* Info.plist */,
			);
			path = GHFollowers;
			sourceTree = "<group>";
		};
/* End PBXGroup section */

/* Begin PBXNativeTarget section */
		CFB1EDF8253996A8009CD133 /* GHFollowers */ = {
			isa = PBXNativeTarget;
			buildConfigurationList = CFB1EE0D253996AB009CD133 /* Build configuration list for PBXNativeTarget "GHFollowers" */;
			buildPhases = (
				CFB1EDF5253996A8009CD133 /* Sources */,
				CFB1EDF6253996A8009CD133 /* Frameworks */,
				CFB1EDF7253996A8009CD133 /* Resources */,
			);
			buildRules = (
			);
			dependencies = (
			);
			name = GHFollowers;
			productName = GHFollowers;
			productReference = CFB1EDF9253996A8009CD133 /* GHFollowers.app */;
			productType = "com.apple.product-type.application";
		};
/* End PBXNativeTarget section */

/* Begin PBXProject section */
		CFB1EDF1253996A8009CD133 /* Project object */ = {
			isa = PBXProject;
			attributes = {
				LastSwiftUpdateCheck = 1200;
				LastUpgradeCheck = 1200;
				TargetAttributes = {
					CFB1EDF8253996A8009CD133 = {
						CreatedOnToolsVersion = 12.0.1;
					};
				};
			};
			buildConfigurationList = CFB1EDF4253996A8009CD133 /* Build configuration list for PBXProject "GHFollowers" */;
			compatibilityVersion = "Xcode 9.3";
			developmentRegion = en;
			hasScannedForEncodings = 0;
			knownRegions = (
				en,
				Base,
			);
			mainGroup = CFB1EDF0253996A8009CD133;
			productRefGroup = CFB1EDFA253996A8009CD133 /* Products */;
			projectDirPath = "";
			projectRoot = "";
			targets = (
				CFB1EDF8253996A8009CD133 /* GHFollowers */,
			);
		};
/* End PBXProject section */

/* Begin PBXResourcesBuildPhase section */
		CFB1EDF7253996A8009CD133 /* Resources */ = {
			isa = PBXResourcesBuildPhase;
			buildActionMask = 2147483647;
			files = (
				CFB1EE09253996AB009CD133 /* LaunchScreen.storyboard in Resources */,
				CFB1EE06253996AB009CD133 /* Assets.xcassets in Resources */,
			);
			runOnlyForDeploymentPostprocessing = 0;
		};
/* End PBXResourcesBuildPhase section */

/* Begin PBXSourcesBuildPhase section */
		CFB1EDF5253996A8009CD133 /* Sources */ = {
			isa = PBXSourcesBuildPhase;
			buildActionMask = 2147483647;
			files = (
				CFAACB4C253EF391001DD546 /* User.swift in Sources */,
				CFB1EE1E253A19B1009CD133 /* GFTextField.swift in Sources */,
				CFB1EE18253A02DB009CD133 /* FavoritesListVC.swift in Sources */,
				CF51F1A42545CAF700E6FA01 /* GFUserInfoHeaderVC.swift in Sources */,
				CFB1EE1B253A16A8009CD133 /* GFButton.swift in Sources */,
				CFAACB3F253DB8A4001DD546 /* UIViewController+Ext.swift in Sources */,
				CF51F1AD2545F78700E6FA01 /* GFItemInfoVC.swift in Sources */,
				CF51F1A72545E47900E6FA01 /* Constants.swift in Sources */,
				CF7808C62541A67600B83BB7 /* UIHelper.swift in Sources */,
				CF6888C6253F39BD00E18D8B /* GFAvatarImageView.swift in Sources */,
				CFB1EE14253A0246009CD133 /* SearchVC.swift in Sources */,
				CF51F1AA2545F25B00E6FA01 /* GFItemInfoView.swift in Sources */,
				CFAACB3C253DA493001DD546 /* GFAlertVC.swift in Sources */,
				CF6888C3253F394300E18D8B /* FollowerCell.swift in Sources */,
				CFAACB39253DA31D001DD546 /* GFBodyLabel.swift in Sources */,
				CF51F1992545C4BE00E6FA01 /* GFError.swift in Sources */,
				CFAACB48253EF134001DD546 /* Follower.swift in Sources */,
				CFAACB36253D9F0F001DD546 /* GFTitleLabel.swift in Sources */,
				CF7808CF2541E47F00B83BB7 /* GFEmptyStateView.swift in Sources */,
				CF51F19F2545C91000E6FA01 /* GFSecondaryTitleLabel.swift in Sources */,
				CF6888B8253EF81F00E18D8B /* NetworkManager.swift in Sources */,
				CFAACB32253D9820001DD546 /* FollowerListVC.swift in Sources */,
				CFB1EDFD253996A8009CD133 /* AppDelegate.swift in Sources */,
				CFB1EDFF253996A8009CD133 /* SceneDelegate.swift in Sources */,
				CF53D0722541F10100AB0600 /* UserInfoVC.swift in Sources */,
			);
			runOnlyForDeploymentPostprocessing = 0;
		};
/* End PBXSourcesBuildPhase section */

/* Begin PBXVariantGroup section */
		CFB1EE07253996AB009CD133 /* LaunchScreen.storyboard */ = {
			isa = PBXVariantGroup;
			children = (
				CFB1EE08253996AB009CD133 /* Base */,
			);
			name = LaunchScreen.storyboard;
			sourceTree = "<group>";
		};
/* End PBXVariantGroup section */

/* Begin XCBuildConfiguration section */
		CFB1EE0B253996AB009CD133 /* Debug */ = {
			isa = XCBuildConfiguration;
			buildSettings = {
				ALWAYS_SEARCH_USER_PATHS = NO;
				CLANG_ANALYZER_NONNULL = YES;
				CLANG_ANALYZER_NUMBER_OBJECT_CONVERSION = YES_AGGRESSIVE;
				CLANG_CXX_LANGUAGE_STANDARD = "gnu++14";
				CLANG_CXX_LIBRARY = "libc++";
				CLANG_ENABLE_MODULES = YES;
				CLANG_ENABLE_OBJC_ARC = YES;
				CLANG_ENABLE_OBJC_WEAK = YES;
				CLANG_WARN_BLOCK_CAPTURE_AUTORELEASING = YES;
				CLANG_WARN_BOOL_CONVERSION = YES;
				CLANG_WARN_COMMA = YES;
				CLANG_WARN_CONSTANT_CONVERSION = YES;
				CLANG_WARN_DEPRECATED_OBJC_IMPLEMENTATIONS = YES;
				CLANG_WARN_DIRECT_OBJC_ISA_USAGE = YES_ERROR;
				CLANG_WARN_DOCUMENTATION_COMMENTS = YES;
				CLANG_WARN_EMPTY_BODY = YES;
				CLANG_WARN_ENUM_CONVERSION = YES;
				CLANG_WARN_INFINITE_RECURSION = YES;
				CLANG_WARN_INT_CONVERSION = YES;
				CLANG_WARN_NON_LITERAL_NULL_CONVERSION = YES;
				CLANG_WARN_OBJC_IMPLICIT_RETAIN_SELF = YES;
				CLANG_WARN_OBJC_LITERAL_CONVERSION = YES;
				CLANG_WARN_OBJC_ROOT_CLASS = YES_ERROR;
				CLANG_WARN_QUOTED_INCLUDE_IN_FRAMEWORK_HEADER = YES;
				CLANG_WARN_RANGE_LOOP_ANALYSIS = YES;
				CLANG_WARN_STRICT_PROTOTYPES = YES;
				CLANG_WARN_SUSPICIOUS_MOVE = YES;
				CLANG_WARN_UNGUARDED_AVAILABILITY = YES_AGGRESSIVE;
				CLANG_WARN_UNREACHABLE_CODE = YES;
				CLANG_WARN__DUPLICATE_METHOD_MATCH = YES;
				COPY_PHASE_STRIP = NO;
				DEBUG_INFORMATION_FORMAT = dwarf;
				ENABLE_STRICT_OBJC_MSGSEND = YES;
				ENABLE_TESTABILITY = YES;
				GCC_C_LANGUAGE_STANDARD = gnu11;
				GCC_DYNAMIC_NO_PIC = NO;
				GCC_NO_COMMON_BLOCKS = YES;
				GCC_OPTIMIZATION_LEVEL = 0;
				GCC_PREPROCESSOR_DEFINITIONS = (
					"DEBUG=1",
					"$(inherited)",
				);
				GCC_WARN_64_TO_32_BIT_CONVERSION = YES;
				GCC_WARN_ABOUT_RETURN_TYPE = YES_ERROR;
				GCC_WARN_UNDECLARED_SELECTOR = YES;
				GCC_WARN_UNINITIALIZED_AUTOS = YES_AGGRESSIVE;
				GCC_WARN_UNUSED_FUNCTION = YES;
				GCC_WARN_UNUSED_VARIABLE = YES;
				IPHONEOS_DEPLOYMENT_TARGET = 14.0;
				MTL_ENABLE_DEBUG_INFO = INCLUDE_SOURCE;
				MTL_FAST_MATH = YES;
				ONLY_ACTIVE_ARCH = YES;
				SDKROOT = iphoneos;
				SWIFT_ACTIVE_COMPILATION_CONDITIONS = DEBUG;
				SWIFT_OPTIMIZATION_LEVEL = "-Onone";
			};
			name = Debug;
		};
		CFB1EE0C253996AB009CD133 /* Release */ = {
			isa = XCBuildConfiguration;
			buildSettings = {
				ALWAYS_SEARCH_USER_PATHS = NO;
				CLANG_ANALYZER_NONNULL = YES;
				CLANG_ANALYZER_NUMBER_OBJECT_CONVERSION = YES_AGGRESSIVE;
				CLANG_CXX_LANGUAGE_STANDARD = "gnu++14";
				CLANG_CXX_LIBRARY = "libc++";
				CLANG_ENABLE_MODULES = YES;
				CLANG_ENABLE_OBJC_ARC = YES;
				CLANG_ENABLE_OBJC_WEAK = YES;
				CLANG_WARN_BLOCK_CAPTURE_AUTORELEASING = YES;
				CLANG_WARN_BOOL_CONVERSION = YES;
				CLANG_WARN_COMMA = YES;
				CLANG_WARN_CONSTANT_CONVERSION = YES;
				CLANG_WARN_DEPRECATED_OBJC_IMPLEMENTATIONS = YES;
				CLANG_WARN_DIRECT_OBJC_ISA_USAGE = YES_ERROR;
				CLANG_WARN_DOCUMENTATION_COMMENTS = YES;
				CLANG_WARN_EMPTY_BODY = YES;
				CLANG_WARN_ENUM_CONVERSION = YES;
				CLANG_WARN_INFINITE_RECURSION = YES;
				CLANG_WARN_INT_CONVERSION = YES;
				CLANG_WARN_NON_LITERAL_NULL_CONVERSION = YES;
				CLANG_WARN_OBJC_IMPLICIT_RETAIN_SELF = YES;
				CLANG_WARN_OBJC_LITERAL_CONVERSION = YES;
				CLANG_WARN_OBJC_ROOT_CLASS = YES_ERROR;
				CLANG_WARN_QUOTED_INCLUDE_IN_FRAMEWORK_HEADER = YES;
				CLANG_WARN_RANGE_LOOP_ANALYSIS = YES;
				CLANG_WARN_STRICT_PROTOTYPES = YES;
				CLANG_WARN_SUSPICIOUS_MOVE = YES;
				CLANG_WARN_UNGUARDED_AVAILABILITY = YES_AGGRESSIVE;
				CLANG_WARN_UNREACHABLE_CODE = YES;
				CLANG_WARN__DUPLICATE_METHOD_MATCH = YES;
				COPY_PHASE_STRIP = NO;
				DEBUG_INFORMATION_FORMAT = "dwarf-with-dsym";
				ENABLE_NS_ASSERTIONS = NO;
				ENABLE_STRICT_OBJC_MSGSEND = YES;
				GCC_C_LANGUAGE_STANDARD = gnu11;
				GCC_NO_COMMON_BLOCKS = YES;
				GCC_WARN_64_TO_32_BIT_CONVERSION = YES;
				GCC_WARN_ABOUT_RETURN_TYPE = YES_ERROR;
				GCC_WARN_UNDECLARED_SELECTOR = YES;
				GCC_WARN_UNINITIALIZED_AUTOS = YES_AGGRESSIVE;
				GCC_WARN_UNUSED_FUNCTION = YES;
				GCC_WARN_UNUSED_VARIABLE = YES;
				IPHONEOS_DEPLOYMENT_TARGET = 14.0;
				MTL_ENABLE_DEBUG_INFO = NO;
				MTL_FAST_MATH = YES;
				SDKROOT = iphoneos;
				SWIFT_COMPILATION_MODE = wholemodule;
				SWIFT_OPTIMIZATION_LEVEL = "-O";
				VALIDATE_PRODUCT = YES;
			};
			name = Release;
		};
		CFB1EE0E253996AB009CD133 /* Debug */ = {
			isa = XCBuildConfiguration;
			buildSettings = {
				ASSETCATALOG_COMPILER_APPICON_NAME = AppIcon;
				ASSETCATALOG_COMPILER_GLOBAL_ACCENT_COLOR_NAME = AccentColor;
				CODE_SIGN_IDENTITY = "iPhone Developer";
				"CODE_SIGN_IDENTITY[sdk=iphoneos*]" = "iPhone Developer";
				CODE_SIGN_STYLE = Automatic;
				DEVELOPMENT_TEAM = GTN543KD98;
				INFOPLIST_FILE = GHFollowers/Info.plist;
				LD_RUNPATH_SEARCH_PATHS = (
					"$(inherited)",
					"@executable_path/Frameworks",
				);
				PRODUCT_BUNDLE_IDENTIFIER = com.notimre.GHFollowers;
				PRODUCT_NAME = "$(TARGET_NAME)";
				SWIFT_VERSION = 5.0;
				TARGETED_DEVICE_FAMILY = 1;
			};
			name = Debug;
		};
		CFB1EE0F253996AB009CD133 /* Release */ = {
			isa = XCBuildConfiguration;
			buildSettings = {
				ASSETCATALOG_COMPILER_APPICON_NAME = AppIcon;
				ASSETCATALOG_COMPILER_GLOBAL_ACCENT_COLOR_NAME = AccentColor;
				CODE_SIGN_IDENTITY = "iPhone Developer";
				"CODE_SIGN_IDENTITY[sdk=iphoneos*]" = "iPhone Developer";
				CODE_SIGN_STYLE = Automatic;
				DEVELOPMENT_TEAM = GTN543KD98;
				INFOPLIST_FILE = GHFollowers/Info.plist;
				LD_RUNPATH_SEARCH_PATHS = (
					"$(inherited)",
					"@executable_path/Frameworks",
				);
				PRODUCT_BUNDLE_IDENTIFIER = com.notimre.GHFollowers;
				PRODUCT_NAME = "$(TARGET_NAME)";
				SWIFT_VERSION = 5.0;
				TARGETED_DEVICE_FAMILY = 1;
			};
			name = Release;
		};
/* End XCBuildConfiguration section */

/* Begin XCConfigurationList section */
		CFB1EDF4253996A8009CD133 /* Build configuration list for PBXProject "GHFollowers" */ = {
			isa = XCConfigurationList;
			buildConfigurations = (
				CFB1EE0B253996AB009CD133 /* Debug */,
				CFB1EE0C253996AB009CD133 /* Release */,
			);
			defaultConfigurationIsVisible = 0;
			defaultConfigurationName = Release;
		};
		CFB1EE0D253996AB009CD133 /* Build configuration list for PBXNativeTarget "GHFollowers" */ = {
			isa = XCConfigurationList;
			buildConfigurations = (
				CFB1EE0E253996AB009CD133 /* Debug */,
				CFB1EE0F253996AB009CD133 /* Release */,
			);
			defaultConfigurationIsVisible = 0;
			defaultConfigurationName = Release;
		};
/* End XCConfigurationList section */
	};
	rootObject = CFB1EDF1253996A8009CD133 /* Project object */;
}
